
Microsoft Visual Studio Solution File, Format Version 12.00
# Visual Studio Version 17
VisualStudioVersion = 17.12.35707.178
MinimumVisualStudioVersion = 10.0.40219.1
Project("{FAE04EC0-301F-11D3-BF4B-00C04F79EFBC}") = "April28.CSharpFundametals", "April28.CSharpFundametals\April28.CSharpFundametals.csproj", "{1D3EBC0E-ECEC-4CFA-A929-CA685678371A}"
EndProject
Project("{FAE04EC0-301F-11D3-BF4B-00C04F79EFBC}") = "InternalExamplePrj", "InternalExamplePrj\InternalExamplePrj.csproj", "{8D72D7D4-0C9B-4889-88C2-4C2BAC4CB55C}"
EndProject
Project("{FAE04EC0-301F-11D3-BF4B-00C04F79EFBC}") = "InheritanceAndPolymorphism", "InheritanceAndPolymorphism\InheritanceAndPolymorphism.csproj", "{9402E7D0-BFCF-4D22-98D6-0C8C6DAB5A33}"
EndProject
Project("{FAE04EC0-301F-11D3-BF4B-00C04F79EFBC}") = "GenricsAndCollections", "GenricsAndCollections\GenricsAndCollections.csproj", "{306AAC47-7913-4B14-AC16-3285408377F4}"
EndProject
Project("{FAE04EC0-301F-11D3-BF4B-00C04F79EFBC}") = "StringAndLinq", "StringAndLinq\StringAndLinq.csproj", "{80D7A067-D8AC-4654-AFA7-18C0108E2AEC}"
EndProject
Project("{FAE04EC0-301F-11D3-BF4B-00C04F79EFBC}") = "SyncAsyncExample", "SyncAsyncExample\SyncAsyncExample.csproj", "{1E905413-0F62-4310-9E15-F0BC964DA08A}"
EndProject
Project("{FAE04EC0-301F-11D3-BF4B-00C04F79EFBC}") = "EFCoreChapter", "EFCoreChapter\EFCoreChapter.csproj", "{1CAB2DF8-B15F-4029-A54E-DE544B727C92}"
EndProject
Project("{FAE04EC0-301F-11D3-BF4B-00C04F79EFBC}") = "StudentCourseApp", "StudentCourseApp\StudentCourseApp.csproj", "{3A3EF3D6-F5A7-4FA0-8A61-74C97E86B583}"
EndProject
Project("{FAE04EC0-301F-11D3-BF4B-00C04F79EFBC}") = "MyFirstMvcApp", "MyFirstMvcApp\MyFirstMvcApp.csproj", "{9CAD89D6-C48C-4ACE-978D-9921ABEEDD1E}"
EndProject
Project("{FAE04EC0-301F-11D3-BF4B-00C04F79EFBC}") = "AspnetIdentityAuthentication", "AspnetIdentityAuthentication\AspnetIdentityAuthentication.csproj", "{2B7E1991-9D45-4347-BCAD-736EAE46E002}"
EndProject
Project("{FAE04EC0-301F-11D3-BF4B-00C04F79EFBC}") = "FiltersInAspNet", "FiltersInAspNet\FiltersInAspNet.csproj", "{B66B495D-45CC-457B-A89B-DF255B96A302}"
EndProject
Project("{FAE04EC0-301F-11D3-BF4B-00C04F79EFBC}") = "Chapter26.MyWebApiProject", "Chapter26.MyWebApiProject\Chapter26.MyWebApiProject.csproj", "{DFC41F57-BF42-4349-B0A2-5DD1E0651B15}"
EndProject
Project("{FAE04EC0-301F-11D3-BF4B-00C04F79EFBC}") = "Chapter30.ToDoApi", "Chapter30.ToDoApi\Chapter30.ToDoApi.csproj", "{6E64274E-1278-43F3-A5D7-6E3EC2072EEA}"
EndProject
Project("{54A90642-561A-4BB1-A94E-469ADEE60C69}") = "todo-client", "todo-client\todo-client.esproj", "{B6ADFBCA-73E1-4AF4-9A6C-A391A9FADDF5}"
EndProject
Project("{FAE04EC0-301F-11D3-BF4B-00C04F79EFBC}") = "Chapter35.BlogAppBackend", "Chapter35.BlogAppBackend\Chapter35.BlogAppBackend.csproj", "{6668BEC6-1F4A-4AEA-ADCC-19A616FE0375}"
EndProject
Project("{54A90642-561A-4BB1-A94E-469ADEE60C69}") = "blogappfrontend", "blogappFrontend\blogappfrontend.esproj", "{896461B4-CA9D-4B9F-8AF4-3BC4F1F5EDC1}"
EndProject
Project("{2150E333-8FDC-42A3-9474-1A3956D46DE8}") = "BlogApp", "BlogApp", "{9E9AF85C-C20D-4BBB-A98E-0B3E915FE2FE}"
EndProject
Project("{2150E333-8FDC-42A3-9474-1A3956D46DE8}") = "Microservices", "Microservices", "{84AD4133-C0F7-408A-AECE-513561BF4926}"
EndProject
Project("{FAE04EC0-301F-11D3-BF4B-00C04F79EFBC}") = "ProductService", "ProductService\ProductService.csproj", "{6F60AD55-B160-44A1-A2F3-6BD8BE63AFB5}"
EndProject
Project("{FAE04EC0-301F-11D3-BF4B-00C04F79EFBC}") = "OrderService", "OrderService\OrderService.csproj", "{7737B84D-6551-4E0D-9A97-2BF197E271BE}"
EndProject
Project("{FAE04EC0-301F-11D3-BF4B-00C04F79EFBC}") = "ApiGateway", "ApiGateway\ApiGateway.csproj", "{3995532A-D073-4E76-8D17-08B0CB562CC7}"
EndProject
Global
	GlobalSection(SolutionConfigurationPlatforms) = preSolution
		Debug|Any CPU = Debug|Any CPU
		Release|Any CPU = Release|Any CPU
	EndGlobalSection
	GlobalSection(ProjectConfigurationPlatforms) = postSolution
		{1D3EBC0E-ECEC-4CFA-A929-CA685678371A}.Debug|Any CPU.ActiveCfg = Debug|Any CPU
		{1D3EBC0E-ECEC-4CFA-A929-CA685678371A}.Debug|Any CPU.Build.0 = Debug|Any CPU
		{1D3EBC0E-ECEC-4CFA-A929-CA685678371A}.Release|Any CPU.ActiveCfg = Release|Any CPU
		{1D3EBC0E-ECEC-4CFA-A929-CA685678371A}.Release|Any CPU.Build.0 = Release|Any CPU
		{8D72D7D4-0C9B-4889-88C2-4C2BAC4CB55C}.Debug|Any CPU.ActiveCfg = Debug|Any CPU
		{8D72D7D4-0C9B-4889-88C2-4C2BAC4CB55C}.Debug|Any CPU.Build.0 = Debug|Any CPU
		{8D72D7D4-0C9B-4889-88C2-4C2BAC4CB55C}.Release|Any CPU.ActiveCfg = Release|Any CPU
		{8D72D7D4-0C9B-4889-88C2-4C2BAC4CB55C}.Release|Any CPU.Build.0 = Release|Any CPU
		{9402E7D0-BFCF-4D22-98D6-0C8C6DAB5A33}.Debug|Any CPU.ActiveCfg = Debug|Any CPU
		{9402E7D0-BFCF-4D22-98D6-0C8C6DAB5A33}.Debug|Any CPU.Build.0 = Debug|Any CPU
		{9402E7D0-BFCF-4D22-98D6-0C8C6DAB5A33}.Release|Any CPU.ActiveCfg = Release|Any CPU
		{9402E7D0-BFCF-4D22-98D6-0C8C6DAB5A33}.Release|Any CPU.Build.0 = Release|Any CPU
		{306AAC47-7913-4B14-AC16-3285408377F4}.Debug|Any CPU.ActiveCfg = Debug|Any CPU
		{306AAC47-7913-4B14-AC16-3285408377F4}.Debug|Any CPU.Build.0 = Debug|Any CPU
		{306AAC47-7913-4B14-AC16-3285408377F4}.Release|Any CPU.ActiveCfg = Release|Any CPU
		{306AAC47-7913-4B14-AC16-3285408377F4}.Release|Any CPU.Build.0 = Release|Any CPU
		{80D7A067-D8AC-4654-AFA7-18C0108E2AEC}.Debug|Any CPU.ActiveCfg = Debug|Any CPU
		{80D7A067-D8AC-4654-AFA7-18C0108E2AEC}.Debug|Any CPU.Build.0 = Debug|Any CPU
		{80D7A067-D8AC-4654-AFA7-18C0108E2AEC}.Release|Any CPU.ActiveCfg = Release|Any CPU
		{80D7A067-D8AC-4654-AFA7-18C0108E2AEC}.Release|Any CPU.Build.0 = Release|Any CPU
		{1E905413-0F62-4310-9E15-F0BC964DA08A}.Debug|Any CPU.ActiveCfg = Debug|Any CPU
		{1E905413-0F62-4310-9E15-F0BC964DA08A}.Debug|Any CPU.Build.0 = Debug|Any CPU
		{1E905413-0F62-4310-9E15-F0BC964DA08A}.Release|Any CPU.ActiveCfg = Release|Any CPU
		{1E905413-0F62-4310-9E15-F0BC964DA08A}.Release|Any CPU.Build.0 = Release|Any CPU
		{1CAB2DF8-B15F-4029-A54E-DE544B727C92}.Debug|Any CPU.ActiveCfg = Debug|Any CPU
		{1CAB2DF8-B15F-4029-A54E-DE544B727C92}.Debug|Any CPU.Build.0 = Debug|Any CPU
		{1CAB2DF8-B15F-4029-A54E-DE544B727C92}.Release|Any CPU.ActiveCfg = Release|Any CPU
		{1CAB2DF8-B15F-4029-A54E-DE544B727C92}.Release|Any CPU.Build.0 = Release|Any CPU
		{3A3EF3D6-F5A7-4FA0-8A61-74C97E86B583}.Debug|Any CPU.ActiveCfg = Debug|Any CPU
		{3A3EF3D6-F5A7-4FA0-8A61-74C97E86B583}.Debug|Any CPU.Build.0 = Debug|Any CPU
		{3A3EF3D6-F5A7-4FA0-8A61-74C97E86B583}.Release|Any CPU.ActiveCfg = Release|Any CPU
		{3A3EF3D6-F5A7-4FA0-8A61-74C97E86B583}.Release|Any CPU.Build.0 = Release|Any CPU
		{9CAD89D6-C48C-4ACE-978D-9921ABEEDD1E}.Debug|Any CPU.ActiveCfg = Debug|Any CPU
		{9CAD89D6-C48C-4ACE-978D-9921ABEEDD1E}.Debug|Any CPU.Build.0 = Debug|Any CPU
		{9CAD89D6-C48C-4ACE-978D-9921ABEEDD1E}.Release|Any CPU.ActiveCfg = Release|Any CPU
		{9CAD89D6-C48C-4ACE-978D-9921ABEEDD1E}.Release|Any CPU.Build.0 = Release|Any CPU
		{2B7E1991-9D45-4347-BCAD-736EAE46E002}.Debug|Any CPU.ActiveCfg = Debug|Any CPU
		{2B7E1991-9D45-4347-BCAD-736EAE46E002}.Debug|Any CPU.Build.0 = Debug|Any CPU
		{2B7E1991-9D45-4347-BCAD-736EAE46E002}.Release|Any CPU.ActiveCfg = Release|Any CPU
		{2B7E1991-9D45-4347-BCAD-736EAE46E002}.Release|Any CPU.Build.0 = Release|Any CPU
		{B66B495D-45CC-457B-A89B-DF255B96A302}.Debug|Any CPU.ActiveCfg = Debug|Any CPU
		{B66B495D-45CC-457B-A89B-DF255B96A302}.Debug|Any CPU.Build.0 = Debug|Any CPU
		{B66B495D-45CC-457B-A89B-DF255B96A302}.Release|Any CPU.ActiveCfg = Release|Any CPU
		{B66B495D-45CC-457B-A89B-DF255B96A302}.Release|Any CPU.Build.0 = Release|Any CPU
		{DFC41F57-BF42-4349-B0A2-5DD1E0651B15}.Debug|Any CPU.ActiveCfg = Debug|Any CPU
		{DFC41F57-BF42-4349-B0A2-5DD1E0651B15}.Debug|Any CPU.Build.0 = Debug|Any CPU
		{DFC41F57-BF42-4349-B0A2-5DD1E0651B15}.Release|Any CPU.ActiveCfg = Release|Any CPU
		{DFC41F57-BF42-4349-B0A2-5DD1E0651B15}.Release|Any CPU.Build.0 = Release|Any CPU
		{6E64274E-1278-43F3-A5D7-6E3EC2072EEA}.Debug|Any CPU.ActiveCfg = Debug|Any CPU
		{6E64274E-1278-43F3-A5D7-6E3EC2072EEA}.Debug|Any CPU.Build.0 = Debug|Any CPU
		{6E64274E-1278-43F3-A5D7-6E3EC2072EEA}.Release|Any CPU.ActiveCfg = Release|Any CPU
		{6E64274E-1278-43F3-A5D7-6E3EC2072EEA}.Release|Any CPU.Build.0 = Release|Any CPU
		{B6ADFBCA-73E1-4AF4-9A6C-A391A9FADDF5}.Debug|Any CPU.ActiveCfg = Debug|Any CPU
		{B6ADFBCA-73E1-4AF4-9A6C-A391A9FADDF5}.Debug|Any CPU.Build.0 = Debug|Any CPU
		{B6ADFBCA-73E1-4AF4-9A6C-A391A9FADDF5}.Debug|Any CPU.Deploy.0 = Debug|Any CPU
		{B6ADFBCA-73E1-4AF4-9A6C-A391A9FADDF5}.Release|Any CPU.ActiveCfg = Release|Any CPU
		{B6ADFBCA-73E1-4AF4-9A6C-A391A9FADDF5}.Release|Any CPU.Build.0 = Release|Any CPU
		{B6ADFBCA-73E1-4AF4-9A6C-A391A9FADDF5}.Release|Any CPU.Deploy.0 = Release|Any CPU
		{6668BEC6-1F4A-4AEA-ADCC-19A616FE0375}.Debug|Any CPU.ActiveCfg = Debug|Any CPU
		{6668BEC6-1F4A-4AEA-ADCC-19A616FE0375}.Debug|Any CPU.Build.0 = Debug|Any CPU
		{6668BEC6-1F4A-4AEA-ADCC-19A616FE0375}.Release|Any CPU.ActiveCfg = Release|Any CPU
		{6668BEC6-1F4A-4AEA-ADCC-19A616FE0375}.Release|Any CPU.Build.0 = Release|Any CPU
		{896461B4-CA9D-4B9F-8AF4-3BC4F1F5EDC1}.Debug|Any CPU.ActiveCfg = Debug|Any CPU
		{896461B4-CA9D-4B9F-8AF4-3BC4F1F5EDC1}.Debug|Any CPU.Build.0 = Debug|Any CPU
		{896461B4-CA9D-4B9F-8AF4-3BC4F1F5EDC1}.Debug|Any CPU.Deploy.0 = Debug|Any CPU
		{896461B4-CA9D-4B9F-8AF4-3BC4F1F5EDC1}.Release|Any CPU.ActiveCfg = Release|Any CPU
		{896461B4-CA9D-4B9F-8AF4-3BC4F1F5EDC1}.Release|Any CPU.Build.0 = Release|Any CPU
		{896461B4-CA9D-4B9F-8AF4-3BC4F1F5EDC1}.Release|Any CPU.Deploy.0 = Release|Any CPU
		{6F60AD55-B160-44A1-A2F3-6BD8BE63AFB5}.Debug|Any CPU.ActiveCfg = Debug|Any CPU
		{6F60AD55-B160-44A1-A2F3-6BD8BE63AFB5}.Debug|Any CPU.Build.0 = Debug|Any CPU
		{6F60AD55-B160-44A1-A2F3-6BD8BE63AFB5}.Release|Any CPU.ActiveCfg = Release|Any CPU
		{6F60AD55-B160-44A1-A2F3-6BD8BE63AFB5}.Release|Any CPU.Build.0 = Release|Any CPU
		{7737B84D-6551-4E0D-9A97-2BF197E271BE}.Debug|Any CPU.ActiveCfg = Debug|Any CPU
		{7737B84D-6551-4E0D-9A97-2BF197E271BE}.Debug|Any CPU.Build.0 = Debug|Any CPU
		{7737B84D-6551-4E0D-9A97-2BF197E271BE}.Release|Any CPU.ActiveCfg = Release|Any CPU
		{7737B84D-6551-4E0D-9A97-2BF197E271BE}.Release|Any CPU.Build.0 = Release|Any CPU
		{3995532A-D073-4E76-8D17-08B0CB562CC7}.Debug|Any CPU.ActiveCfg = Debug|Any CPU
		{3995532A-D073-4E76-8D17-08B0CB562CC7}.Debug|Any CPU.Build.0 = Debug|Any CPU
		{3995532A-D073-4E76-8D17-08B0CB562CC7}.Release|Any CPU.ActiveCfg = Release|Any CPU
		{3995532A-D073-4E76-8D17-08B0CB562CC7}.Release|Any CPU.Build.0 = Release|Any CPU
	EndGlobalSection
	GlobalSection(SolutionProperties) = preSolution
		HideSolutionNode = FALSE
	EndGlobalSection
	GlobalSection(NestedProjects) = preSolution
		{6668BEC6-1F4A-4AEA-ADCC-19A616FE0375} = {9E9AF85C-C20D-4BBB-A98E-0B3E915FE2FE}
		{896461B4-CA9D-4B9F-8AF4-3BC4F1F5EDC1} = {9E9AF85C-C20D-4BBB-A98E-0B3E915FE2FE}
		{6F60AD55-B160-44A1-A2F3-6BD8BE63AFB5} = {84AD4133-C0F7-408A-AECE-513561BF4926}
		{7737B84D-6551-4E0D-9A97-2BF197E271BE} = {84AD4133-C0F7-408A-AECE-513561BF4926}
		{3995532A-D073-4E76-8D17-08B0CB562CC7} = {84AD4133-C0F7-408A-AECE-513561BF4926}
	EndGlobalSection
EndGlobal
